
Microsoft Visual Studio Solution File, Format Version 12.00
# Visual Studio Version 16
VisualStudioVersion = 16.0.30225.117
MinimumVisualStudioVersion = 10.0.40219.1
Project("{9A19103F-16F7-4668-BE54-9A1E7A4F7556}") = "NX.Engine", "NX.Engine\NX.Engine.csproj", "{814B3290-ABBA-423F-A09F-65E356D12090}"
EndProject
Project("{9A19103F-16F7-4668-BE54-9A1E7A4F7556}") = "Route.System", "Route.System\Route.System.csproj", "{9925AE4B-2A42-4B01-A5CA-C4FC0E6E9685}"
EndProject
Project("{9A19103F-16F7-4668-BE54-9A1E7A4F7556}") = "Fn.System", "Fn.System\Fn.System.csproj", "{64498456-0302-4050-A7A9-4ABF79415A03}"
EndProject
Project("{9A19103F-16F7-4668-BE54-9A1E7A4F7556}") = "Fn.USPS", "Fn.USPS\Fn.USPS.csproj", "{D134A439-B92C-43F3-A6F7-190836B35478}"
EndProject
Project("{9A19103F-16F7-4668-BE54-9A1E7A4F7556}") = "Route.UI", "Route.UI\Route.UI.csproj", "{ACCEFDF7-1D31-4034-8892-C83B0F384A2A}"
EndProject
Project("{9A19103F-16F7-4668-BE54-9A1E7A4F7556}") = "Route.File", "Route.File\Route.File.csproj", "{D3E42F54-DAC6-432B-9009-9BBA2CA67134}"
EndProject
Project("{2150E333-8FDC-42A3-9474-1A3956D46DE8}") = "Third Party", "Third Party", "{749B7B33-AA44-4A3B-A92C-8A7F3D9B1B31}"
EndProject
Project("{2150E333-8FDC-42A3-9474-1A3956D46DE8}") = "USPS", "USPS", "{0DEB4428-06CF-4640-A0AC-D985B416E0BA}"
EndProject
Project("{2150E333-8FDC-42A3-9474-1A3956D46DE8}") = "Files", "Files", "{4B7724AD-9C22-4D09-850D-46237B9F8702}"
EndProject
Project("{2150E333-8FDC-42A3-9474-1A3956D46DE8}") = "Dynamic", "Dynamic", "{141A4002-32EA-47B7-94EC-FC492F65CA00}"
EndProject
Project("{9A19103F-16F7-4668-BE54-9A1E7A4F7556}") = "Route.Dynamic", "Route.Dynamic\Route.Dynamic.csproj", "{71C863EA-7CC3-4262-AF4D-D95F944D4ED6}"
EndProject
Project("{9A19103F-16F7-4668-BE54-9A1E7A4F7556}") = "Route.USPS", "Route.USPS\Route.USPS.csproj", "{13ED62A6-FAA4-4AFA-981A-9774EEF89843}"
EndProject
Project("{9A19103F-16F7-4668-BE54-9A1E7A4F7556}") = "Route.Hive", "Route.Hive\Route.Hive.csproj", "{305638AB-4B2A-4FC3-9180-F4B7F7F809BD}"
EndProject
Project("{9A19103F-16F7-4668-BE54-9A1E7A4F7556}") = "Route.Param", "Route.Param\Route.Param.csproj", "{2C2BF5B2-3726-4D0E-89F8-1C50261A0D38}"
EndProject
Project("{2150E333-8FDC-42A3-9474-1A3956D46DE8}") = "AddIns", "AddIns", "{058AF47E-8CC7-49EC-8C9B-CFB48CD80A93}"
EndProject
Project("{2150E333-8FDC-42A3-9474-1A3956D46DE8}") = "BuiltIn", "BuiltIn", "{D5BDA4A8-8206-4F9B-A01F-6D4E04D91BBF}"
EndProject
Project("{2150E333-8FDC-42A3-9474-1A3956D46DE8}") = "Hive", "Hive", "{BE9385E9-8E7D-4DB0-BF23-BF2BCF0A499C}"
EndProject
Project("{9A19103F-16F7-4668-BE54-9A1E7A4F7556}") = "Route.Info", "Route.Info\Route.Info.csproj", "{91665EB6-F14F-427F-8F6D-7571315973B9}"
EndProject
Project("{9A19103F-16F7-4668-BE54-9A1E7A4F7556}") = "Proc.Default", "Proc.Default\Proc.Default.csproj", "{5B50F2DF-2A46-4308-92A1-D3427ECD2922}"
EndProject
Project("{9A19103F-16F7-4668-BE54-9A1E7A4F7556}") = "NX.Shared", "NX.Shared\NX.Shared.csproj", "{B123C1BD-D280-4BFB-A464-340322BE9B8F}"
EndProject
Project("{9A19103F-16F7-4668-BE54-9A1E7A4F7556}") = "NXNode", "NX.Node\NXNode.csproj", "{E007612B-0A19-4147-A696-3B6F49052E2C}"
EndProject
Project("{2150E333-8FDC-42A3-9474-1A3956D46DE8}") = "Solution Items", "Solution Items", "{EB5DB50B-09BA-4FDA-BFDB-42FA8DFE0C27}"
	ProjectSection(SolutionItems) = preProject
		UI.Bootstrap\index.html = UI.Bootstrap\index.html
		LICENSE = LICENSE
		README.md = README.md
		docs\README_B_BEE.md = docs\README_B_BEE.md
		docs\README_B_BUMBLE.md = docs\README_B_BUMBLE.md
		docs\README_B_DNA.md = docs\README_B_DNA.md
		docs\README_B_FIELD.md = docs\README_B_FIELD.md
		docs\README_B_GENOME.md = docs\README_B_GENOME.md
		docs\README_B_HIVE.md = docs\README_B_HIVE.md
		docs\README_B_MASON.md = docs\README_B_MASON.md
		docs\README_B_QUEEN.md = docs\README_B_QUEEN.md
		docs\README_B_ROSTER.md = docs\README_B_ROSTER.md
		docs\README_BB_NGINX.md = docs\README_BB_NGINX.md
		docs\README_BB_REDIS.md = docs\README_BB_REDIS.md
		docs\README_DEBUG.md = docs\README_DEBUG.md
		docs\README_ENV.md = docs\README_ENV.md
		docs\README_FNS.md = docs\README_FNS.md
		docs\README_FOLDERS.md = docs\README_FOLDERS.md
		docs\README_GIT.md.txt = docs\README_GIT.md.txt
		docs\README_HTTP.md = docs\README_HTTP.md
		docs\README_KUBE.md = docs\README_KUBE.md
		docs\README_MINIO.md = docs\README_MINIO.md
		docs\README_NGINX.md = docs\README_NGINX.md
		docs\README_NOSQL.md = docs\README_NOSQL.md
		docs\README_PROCS.md = docs\README_PROCS.md
		docs\README_REDIS.md = docs\README_REDIS.md
		docs\README_ROUTES.md = docs\README_ROUTES.md
		docs\README_SOCKETIO.md = docs\README_SOCKETIO.md
		docs\README_SQL.md = docs\README_SQL.md
		docs\README_STATIC.md = docs\README_STATIC.md
		docs\README_TIER.md = docs\README_TIER.md
		docs\README_TRAEFIK.md = docs\README_TRAEFIK.md
		docs\README_USE.md = docs\README_USE.md
		docs\README_XML.md = docs\README_XML.md
	EndProjectSection
EndProject
Project("{2150E333-8FDC-42A3-9474-1A3956D46DE8}") = "UI", "UI", "{1ED3F8B1-1354-4DC8-B86D-C27E4431625B}"
EndProject
Project("{2150E333-8FDC-42A3-9474-1A3956D46DE8}") = "NginX", "NginX", "{2F026810-C99A-4172-AFE7-7A599D3A47BE}"
EndProject
Project("{2150E333-8FDC-42A3-9474-1A3956D46DE8}") = "Traefik", "Traefik", "{C368A216-11C1-47A6-A4AA-626EC430E138}"
EndProject
Project("{9A19103F-16F7-4668-BE54-9A1E7A4F7556}") = "Proc.NginX", "Proc.NginX\Proc.NginX.csproj", "{049F0DED-A83F-47F3-8079-F19F65C003CA}"
EndProject
Project("{2150E333-8FDC-42A3-9474-1A3956D46DE8}") = "SocketIO", "SocketIO", "{6E0BA162-8BD9-44BE-8ADB-6D617EB31434}"
EndProject
Project("{9A19103F-16F7-4668-BE54-9A1E7A4F7556}") = "Proc.SocketIO", "Proc.SocketIO\Proc.SocketIO.csproj", "{95E50A63-7AB2-4A5E-90CA-4E842EF30476}"
EndProject
Project("{9A19103F-16F7-4668-BE54-9A1E7A4F7556}") = "Proc.MySQL", "Proc.MySQL\Proc.MySQL.csproj", "{F06EBD6F-0A4B-4DB2-ABBE-383AFAC69FEC}"
EndProject
Project("{2150E333-8FDC-42A3-9474-1A3956D46DE8}") = "MySQL", "MySQL", "{65A3AC55-D2D9-4ECF-8B37-1CDD01B524D9}"
EndProject
Project("{9092AA53-FB77-4645-B42D-1CCCA6BD08BD}") = "UI.Vue", "UI.Vue\UI.Vue.njsproj", "{318EB9E3-C611-4EB4-9F83-98D49A87A0EE}"
EndProject
Project("{9092AA53-FB77-4645-B42D-1CCCA6BD08BD}") = "UI.React", "UI.React\UI.React.njsproj", "{9F6AA8A2-898F-4D44-9876-0274298B8DF7}"
EndProject
Project("{9092AA53-FB77-4645-B42D-1CCCA6BD08BD}") = "UI.Bootstrap", "UI.Bootstrap\UI.Bootstrap.njsproj", "{C66E80AF-AB73-48A8-86F8-F1E4C3D19F5B}"
EndProject
Project("{9092AA53-FB77-4645-B42D-1CCCA6BD08BD}") = "UI.HTML", "UI.HTML\UI.HTML.njsproj", "{C7ED432E-3CC5-4EF9-9464-BB46A8327FD0}"
EndProject
Project("{9A19103F-16F7-4668-BE54-9A1E7A4F7556}") = "Proc.Traefik", "Proc.Traefik\Proc.Traefik.csproj", "{B7BB867E-7854-4055-A835-B7A75579D3DC}"
EndProject
Project("{2150E333-8FDC-42A3-9474-1A3956D46DE8}") = "DEX", "DEX", "{F8E88495-137B-4C44-A0CF-F9D0C06E2B9E}"
EndProject
Project("{9A19103F-16F7-4668-BE54-9A1E7A4F7556}") = "Fn.DEX", "Fn.DEX\Fn.DEX.csproj", "{60265EF8-6968-4B75-8048-B93001A916EB}"
EndProject
Project("{9A19103F-16F7-4668-BE54-9A1E7A4F7556}") = "Route.DEX", "Route.DEX\Route.DEX.csproj", "{E158A413-81F3-4B90-BE02-049C7B7A5084}"
EndProject
Global
	GlobalSection(SolutionConfigurationPlatforms) = preSolution
		Debug|Any CPU = Debug|Any CPU
		Release|Any CPU = Release|Any CPU
	EndGlobalSection
	GlobalSection(ProjectConfigurationPlatforms) = postSolution
		{814B3290-ABBA-423F-A09F-65E356D12090}.Debug|Any CPU.ActiveCfg = Debug|Any CPU
		{814B3290-ABBA-423F-A09F-65E356D12090}.Debug|Any CPU.Build.0 = Debug|Any CPU
		{814B3290-ABBA-423F-A09F-65E356D12090}.Release|Any CPU.ActiveCfg = Release|Any CPU
		{814B3290-ABBA-423F-A09F-65E356D12090}.Release|Any CPU.Build.0 = Release|Any CPU
		{9925AE4B-2A42-4B01-A5CA-C4FC0E6E9685}.Debug|Any CPU.ActiveCfg = Debug|Any CPU
		{9925AE4B-2A42-4B01-A5CA-C4FC0E6E9685}.Debug|Any CPU.Build.0 = Debug|Any CPU
		{9925AE4B-2A42-4B01-A5CA-C4FC0E6E9685}.Release|Any CPU.ActiveCfg = Release|Any CPU
		{9925AE4B-2A42-4B01-A5CA-C4FC0E6E9685}.Release|Any CPU.Build.0 = Release|Any CPU
		{64498456-0302-4050-A7A9-4ABF79415A03}.Debug|Any CPU.ActiveCfg = Debug|Any CPU
		{64498456-0302-4050-A7A9-4ABF79415A03}.Debug|Any CPU.Build.0 = Debug|Any CPU
		{64498456-0302-4050-A7A9-4ABF79415A03}.Release|Any CPU.ActiveCfg = Release|Any CPU
		{64498456-0302-4050-A7A9-4ABF79415A03}.Release|Any CPU.Build.0 = Release|Any CPU
		{D134A439-B92C-43F3-A6F7-190836B35478}.Debug|Any CPU.ActiveCfg = Debug|Any CPU
		{D134A439-B92C-43F3-A6F7-190836B35478}.Debug|Any CPU.Build.0 = Debug|Any CPU
		{D134A439-B92C-43F3-A6F7-190836B35478}.Release|Any CPU.ActiveCfg = Release|Any CPU
		{D134A439-B92C-43F3-A6F7-190836B35478}.Release|Any CPU.Build.0 = Release|Any CPU
		{ACCEFDF7-1D31-4034-8892-C83B0F384A2A}.Debug|Any CPU.ActiveCfg = Debug|Any CPU
		{ACCEFDF7-1D31-4034-8892-C83B0F384A2A}.Debug|Any CPU.Build.0 = Debug|Any CPU
		{ACCEFDF7-1D31-4034-8892-C83B0F384A2A}.Release|Any CPU.ActiveCfg = Release|Any CPU
		{ACCEFDF7-1D31-4034-8892-C83B0F384A2A}.Release|Any CPU.Build.0 = Release|Any CPU
		{D3E42F54-DAC6-432B-9009-9BBA2CA67134}.Debug|Any CPU.ActiveCfg = Debug|Any CPU
		{D3E42F54-DAC6-432B-9009-9BBA2CA67134}.Debug|Any CPU.Build.0 = Debug|Any CPU
		{D3E42F54-DAC6-432B-9009-9BBA2CA67134}.Release|Any CPU.ActiveCfg = Release|Any CPU
		{D3E42F54-DAC6-432B-9009-9BBA2CA67134}.Release|Any CPU.Build.0 = Release|Any CPU
		{71C863EA-7CC3-4262-AF4D-D95F944D4ED6}.Debug|Any CPU.ActiveCfg = Debug|Any CPU
		{71C863EA-7CC3-4262-AF4D-D95F944D4ED6}.Debug|Any CPU.Build.0 = Debug|Any CPU
		{71C863EA-7CC3-4262-AF4D-D95F944D4ED6}.Release|Any CPU.ActiveCfg = Release|Any CPU
		{71C863EA-7CC3-4262-AF4D-D95F944D4ED6}.Release|Any CPU.Build.0 = Release|Any CPU
		{13ED62A6-FAA4-4AFA-981A-9774EEF89843}.Debug|Any CPU.ActiveCfg = Debug|Any CPU
		{13ED62A6-FAA4-4AFA-981A-9774EEF89843}.Debug|Any CPU.Build.0 = Debug|Any CPU
		{13ED62A6-FAA4-4AFA-981A-9774EEF89843}.Release|Any CPU.ActiveCfg = Release|Any CPU
		{13ED62A6-FAA4-4AFA-981A-9774EEF89843}.Release|Any CPU.Build.0 = Release|Any CPU
		{305638AB-4B2A-4FC3-9180-F4B7F7F809BD}.Debug|Any CPU.ActiveCfg = Debug|Any CPU
		{305638AB-4B2A-4FC3-9180-F4B7F7F809BD}.Debug|Any CPU.Build.0 = Debug|Any CPU
		{305638AB-4B2A-4FC3-9180-F4B7F7F809BD}.Release|Any CPU.ActiveCfg = Release|Any CPU
		{305638AB-4B2A-4FC3-9180-F4B7F7F809BD}.Release|Any CPU.Build.0 = Release|Any CPU
		{2C2BF5B2-3726-4D0E-89F8-1C50261A0D38}.Debug|Any CPU.ActiveCfg = Debug|Any CPU
		{2C2BF5B2-3726-4D0E-89F8-1C50261A0D38}.Debug|Any CPU.Build.0 = Debug|Any CPU
		{2C2BF5B2-3726-4D0E-89F8-1C50261A0D38}.Release|Any CPU.ActiveCfg = Release|Any CPU
		{2C2BF5B2-3726-4D0E-89F8-1C50261A0D38}.Release|Any CPU.Build.0 = Release|Any CPU
		{91665EB6-F14F-427F-8F6D-7571315973B9}.Debug|Any CPU.ActiveCfg = Debug|Any CPU
		{91665EB6-F14F-427F-8F6D-7571315973B9}.Debug|Any CPU.Build.0 = Debug|Any CPU
		{91665EB6-F14F-427F-8F6D-7571315973B9}.Release|Any CPU.ActiveCfg = Release|Any CPU
		{91665EB6-F14F-427F-8F6D-7571315973B9}.Release|Any CPU.Build.0 = Release|Any CPU
		{5B50F2DF-2A46-4308-92A1-D3427ECD2922}.Debug|Any CPU.ActiveCfg = Debug|Any CPU
		{5B50F2DF-2A46-4308-92A1-D3427ECD2922}.Debug|Any CPU.Build.0 = Debug|Any CPU
		{5B50F2DF-2A46-4308-92A1-D3427ECD2922}.Release|Any CPU.ActiveCfg = Release|Any CPU
		{5B50F2DF-2A46-4308-92A1-D3427ECD2922}.Release|Any CPU.Build.0 = Release|Any CPU
		{B123C1BD-D280-4BFB-A464-340322BE9B8F}.Debug|Any CPU.ActiveCfg = Debug|Any CPU
		{B123C1BD-D280-4BFB-A464-340322BE9B8F}.Debug|Any CPU.Build.0 = Debug|Any CPU
		{B123C1BD-D280-4BFB-A464-340322BE9B8F}.Release|Any CPU.ActiveCfg = Release|Any CPU
		{B123C1BD-D280-4BFB-A464-340322BE9B8F}.Release|Any CPU.Build.0 = Release|Any CPU
		{E007612B-0A19-4147-A696-3B6F49052E2C}.Debug|Any CPU.ActiveCfg = Debug|Any CPU
		{E007612B-0A19-4147-A696-3B6F49052E2C}.Debug|Any CPU.Build.0 = Debug|Any CPU
		{E007612B-0A19-4147-A696-3B6F49052E2C}.Release|Any CPU.ActiveCfg = Release|Any CPU
		{E007612B-0A19-4147-A696-3B6F49052E2C}.Release|Any CPU.Build.0 = Release|Any CPU
		{049F0DED-A83F-47F3-8079-F19F65C003CA}.Debug|Any CPU.ActiveCfg = Debug|Any CPU
		{049F0DED-A83F-47F3-8079-F19F65C003CA}.Debug|Any CPU.Build.0 = Debug|Any CPU
		{049F0DED-A83F-47F3-8079-F19F65C003CA}.Release|Any CPU.ActiveCfg = Release|Any CPU
		{049F0DED-A83F-47F3-8079-F19F65C003CA}.Release|Any CPU.Build.0 = Release|Any CPU
		{95E50A63-7AB2-4A5E-90CA-4E842EF30476}.Debug|Any CPU.ActiveCfg = Debug|Any CPU
		{95E50A63-7AB2-4A5E-90CA-4E842EF30476}.Debug|Any CPU.Build.0 = Debug|Any CPU
		{95E50A63-7AB2-4A5E-90CA-4E842EF30476}.Release|Any CPU.ActiveCfg = Release|Any CPU
		{95E50A63-7AB2-4A5E-90CA-4E842EF30476}.Release|Any CPU.Build.0 = Release|Any CPU
		{F06EBD6F-0A4B-4DB2-ABBE-383AFAC69FEC}.Debug|Any CPU.ActiveCfg = Debug|Any CPU
		{F06EBD6F-0A4B-4DB2-ABBE-383AFAC69FEC}.Debug|Any CPU.Build.0 = Debug|Any CPU
		{F06EBD6F-0A4B-4DB2-ABBE-383AFAC69FEC}.Release|Any CPU.ActiveCfg = Release|Any CPU
		{F06EBD6F-0A4B-4DB2-ABBE-383AFAC69FEC}.Release|Any CPU.Build.0 = Release|Any CPU
		{318EB9E3-C611-4EB4-9F83-98D49A87A0EE}.Debug|Any CPU.ActiveCfg = Debug|Any CPU
		{318EB9E3-C611-4EB4-9F83-98D49A87A0EE}.Release|Any CPU.ActiveCfg = Release|Any CPU
		{318EB9E3-C611-4EB4-9F83-98D49A87A0EE}.Release|Any CPU.Build.0 = Release|Any CPU
		{9F6AA8A2-898F-4D44-9876-0274298B8DF7}.Debug|Any CPU.ActiveCfg = Debug|Any CPU
		{9F6AA8A2-898F-4D44-9876-0274298B8DF7}.Release|Any CPU.ActiveCfg = Release|Any CPU
		{9F6AA8A2-898F-4D44-9876-0274298B8DF7}.Release|Any CPU.Build.0 = Release|Any CPU
		{C66E80AF-AB73-48A8-86F8-F1E4C3D19F5B}.Debug|Any CPU.ActiveCfg = Debug|Any CPU
		{C66E80AF-AB73-48A8-86F8-F1E4C3D19F5B}.Release|Any CPU.ActiveCfg = Release|Any CPU
		{C66E80AF-AB73-48A8-86F8-F1E4C3D19F5B}.Release|Any CPU.Build.0 = Release|Any CPU
		{C7ED432E-3CC5-4EF9-9464-BB46A8327FD0}.Debug|Any CPU.ActiveCfg = Debug|Any CPU
		{C7ED432E-3CC5-4EF9-9464-BB46A8327FD0}.Debug|Any CPU.Build.0 = Debug|Any CPU
		{C7ED432E-3CC5-4EF9-9464-BB46A8327FD0}.Release|Any CPU.ActiveCfg = Release|Any CPU
		{C7ED432E-3CC5-4EF9-9464-BB46A8327FD0}.Release|Any CPU.Build.0 = Release|Any CPU
		{B7BB867E-7854-4055-A835-B7A75579D3DC}.Debug|Any CPU.ActiveCfg = Debug|Any CPU
		{B7BB867E-7854-4055-A835-B7A75579D3DC}.Debug|Any CPU.Build.0 = Debug|Any CPU
		{B7BB867E-7854-4055-A835-B7A75579D3DC}.Release|Any CPU.ActiveCfg = Release|Any CPU
		{B7BB867E-7854-4055-A835-B7A75579D3DC}.Release|Any CPU.Build.0 = Release|Any CPU
		{60265EF8-6968-4B75-8048-B93001A916EB}.Debug|Any CPU.ActiveCfg = Debug|Any CPU
		{60265EF8-6968-4B75-8048-B93001A916EB}.Debug|Any CPU.Build.0 = Debug|Any CPU
		{60265EF8-6968-4B75-8048-B93001A916EB}.Release|Any CPU.ActiveCfg = Release|Any CPU
		{60265EF8-6968-4B75-8048-B93001A916EB}.Release|Any CPU.Build.0 = Release|Any CPU
		{E158A413-81F3-4B90-BE02-049C7B7A5084}.Debug|Any CPU.ActiveCfg = Debug|Any CPU
		{E158A413-81F3-4B90-BE02-049C7B7A5084}.Debug|Any CPU.Build.0 = Debug|Any CPU
		{E158A413-81F3-4B90-BE02-049C7B7A5084}.Release|Any CPU.ActiveCfg = Release|Any CPU
		{E158A413-81F3-4B90-BE02-049C7B7A5084}.Release|Any CPU.Build.0 = Release|Any CPU
	EndGlobalSection
	GlobalSection(SolutionProperties) = preSolution
		HideSolutionNode = FALSE
	EndGlobalSection
	GlobalSection(NestedProjects) = preSolution
		{9925AE4B-2A42-4B01-A5CA-C4FC0E6E9685} = {D5BDA4A8-8206-4F9B-A01F-6D4E04D91BBF}
		{64498456-0302-4050-A7A9-4ABF79415A03} = {D5BDA4A8-8206-4F9B-A01F-6D4E04D91BBF}
		{D134A439-B92C-43F3-A6F7-190836B35478} = {0DEB4428-06CF-4640-A0AC-D985B416E0BA}
		{ACCEFDF7-1D31-4034-8892-C83B0F384A2A} = {D5BDA4A8-8206-4F9B-A01F-6D4E04D91BBF}
		{D3E42F54-DAC6-432B-9009-9BBA2CA67134} = {4B7724AD-9C22-4D09-850D-46237B9F8702}
		{749B7B33-AA44-4A3B-A92C-8A7F3D9B1B31} = {058AF47E-8CC7-49EC-8C9B-CFB48CD80A93}
		{0DEB4428-06CF-4640-A0AC-D985B416E0BA} = {749B7B33-AA44-4A3B-A92C-8A7F3D9B1B31}
		{4B7724AD-9C22-4D09-850D-46237B9F8702} = {058AF47E-8CC7-49EC-8C9B-CFB48CD80A93}
		{141A4002-32EA-47B7-94EC-FC492F65CA00} = {058AF47E-8CC7-49EC-8C9B-CFB48CD80A93}
		{71C863EA-7CC3-4262-AF4D-D95F944D4ED6} = {141A4002-32EA-47B7-94EC-FC492F65CA00}
		{13ED62A6-FAA4-4AFA-981A-9774EEF89843} = {0DEB4428-06CF-4640-A0AC-D985B416E0BA}
		{305638AB-4B2A-4FC3-9180-F4B7F7F809BD} = {BE9385E9-8E7D-4DB0-BF23-BF2BCF0A499C}
		{2C2BF5B2-3726-4D0E-89F8-1C50261A0D38} = {141A4002-32EA-47B7-94EC-FC492F65CA00}
		{BE9385E9-8E7D-4DB0-BF23-BF2BCF0A499C} = {058AF47E-8CC7-49EC-8C9B-CFB48CD80A93}
		{91665EB6-F14F-427F-8F6D-7571315973B9} = {141A4002-32EA-47B7-94EC-FC492F65CA00}
		{5B50F2DF-2A46-4308-92A1-D3427ECD2922} = {D5BDA4A8-8206-4F9B-A01F-6D4E04D91BBF}
		{2F026810-C99A-4172-AFE7-7A599D3A47BE} = {749B7B33-AA44-4A3B-A92C-8A7F3D9B1B31}
		{C368A216-11C1-47A6-A4AA-626EC430E138} = {749B7B33-AA44-4A3B-A92C-8A7F3D9B1B31}
		{049F0DED-A83F-47F3-8079-F19F65C003CA} = {2F026810-C99A-4172-AFE7-7A599D3A47BE}
		{6E0BA162-8BD9-44BE-8ADB-6D617EB31434} = {749B7B33-AA44-4A3B-A92C-8A7F3D9B1B31}
		{95E50A63-7AB2-4A5E-90CA-4E842EF30476} = {D5BDA4A8-8206-4F9B-A01F-6D4E04D91BBF}
		{F06EBD6F-0A4B-4DB2-ABBE-383AFAC69FEC} = {65A3AC55-D2D9-4ECF-8B37-1CDD01B524D9}
		{65A3AC55-D2D9-4ECF-8B37-1CDD01B524D9} = {749B7B33-AA44-4A3B-A92C-8A7F3D9B1B31}
		{318EB9E3-C611-4EB4-9F83-98D49A87A0EE} = {1ED3F8B1-1354-4DC8-B86D-C27E4431625B}
		{9F6AA8A2-898F-4D44-9876-0274298B8DF7} = {1ED3F8B1-1354-4DC8-B86D-C27E4431625B}
		{C66E80AF-AB73-48A8-86F8-F1E4C3D19F5B} = {1ED3F8B1-1354-4DC8-B86D-C27E4431625B}
		{C7ED432E-3CC5-4EF9-9464-BB46A8327FD0} = {1ED3F8B1-1354-4DC8-B86D-C27E4431625B}
		{B7BB867E-7854-4055-A835-B7A75579D3DC} = {C368A216-11C1-47A6-A4AA-626EC430E138}
		{F8E88495-137B-4C44-A0CF-F9D0C06E2B9E} = {058AF47E-8CC7-49EC-8C9B-CFB48CD80A93}
		{60265EF8-6968-4B75-8048-B93001A916EB} = {F8E88495-137B-4C44-A0CF-F9D0C06E2B9E}
		{E158A413-81F3-4B90-BE02-049C7B7A5084} = {F8E88495-137B-4C44-A0CF-F9D0C06E2B9E}
	EndGlobalSection
	GlobalSection(ExtensibilityGlobals) = postSolution
		SolutionGuid = {FC856DE7-32A6-44B5-8E43-30FBEC634219}
	EndGlobalSection
EndGlobal
