
Microsoft Visual Studio Solution File, Format Version 12.00
# Visual Studio Version 16
VisualStudioVersion = 16.0.30225.117
MinimumVisualStudioVersion = 10.0.40219.1
Project("{9A19103F-16F7-4668-BE54-9A1E7A4F7556}") = "NX.Engine", "NX.Engine\NX.Engine.csproj", "{814B3290-ABBA-423F-A09F-65E356D12090}"
EndProject
Project("{9A19103F-16F7-4668-BE54-9A1E7A4F7556}") = "Route.System", "Route.System\Route.System.csproj", "{9925AE4B-2A42-4B01-A5CA-C4FC0E6E9685}"
EndProject
Project("{9A19103F-16F7-4668-BE54-9A1E7A4F7556}") = "Fn.System", "Fn.System\Fn.System.csproj", "{64498456-0302-4050-A7A9-4ABF79415A03}"
EndProject
Project("{9A19103F-16F7-4668-BE54-9A1E7A4F7556}") = "Fn.USPS", "Fn.USPS\Fn.USPS.csproj", "{D134A439-B92C-43F3-A6F7-190836B35478}"
EndProject
Project("{9A19103F-16F7-4668-BE54-9A1E7A4F7556}") = "Route.UI", "Route.UI\Route.UI.csproj", "{ACCEFDF7-1D31-4034-8892-C83B0F384A2A}"
EndProject
Project("{9A19103F-16F7-4668-BE54-9A1E7A4F7556}") = "Fn.DEX", "Fn.DEX\Fn.DEX.csproj", "{1D67EAD6-2C5E-43C3-A773-D43714DB09D8}"
EndProject
Project("{9A19103F-16F7-4668-BE54-9A1E7A4F7556}") = "Route.File", "Route.File\Route.File.csproj", "{D3E42F54-DAC6-432B-9009-9BBA2CA67134}"
EndProject
Project("{9A19103F-16F7-4668-BE54-9A1E7A4F7556}") = "Route.DEX", "Route.DEX\Route.DEX.csproj", "{63F958DA-6F07-4451-BA54-4016A6091972}"
EndProject
Project("{2150E333-8FDC-42A3-9474-1A3956D46DE8}") = "DEX", "DEX", "{94D45FFA-F9B7-4F58-B083-671EBEDE98BF}"
EndProject
Project("{2150E333-8FDC-42A3-9474-1A3956D46DE8}") = "Third Party", "Third Party", "{749B7B33-AA44-4A3B-A92C-8A7F3D9B1B31}"
EndProject
Project("{2150E333-8FDC-42A3-9474-1A3956D46DE8}") = "MongoDb", "MongoDb", "{CFC91268-BAB1-4D58-BA9E-E39BFA1DA073}"
EndProject
Project("{2150E333-8FDC-42A3-9474-1A3956D46DE8}") = "USPS", "USPS", "{0DEB4428-06CF-4640-A0AC-D985B416E0BA}"
EndProject
Project("{2150E333-8FDC-42A3-9474-1A3956D46DE8}") = "UI", "UI", "{20093C35-302A-4FE0-AC45-6406F0863500}"
EndProject
Project("{2150E333-8FDC-42A3-9474-1A3956D46DE8}") = "Files", "Files", "{4B7724AD-9C22-4D09-850D-46237B9F8702}"
EndProject
Project("{2150E333-8FDC-42A3-9474-1A3956D46DE8}") = "Dynamic", "Dynamic", "{141A4002-32EA-47B7-94EC-FC492F65CA00}"
EndProject
Project("{9A19103F-16F7-4668-BE54-9A1E7A4F7556}") = "Route.Dynamic", "Route.Dynamic\Route.Dynamic.csproj", "{71C863EA-7CC3-4262-AF4D-D95F944D4ED6}"
EndProject
Project("{9A19103F-16F7-4668-BE54-9A1E7A4F7556}") = "Route.USPS", "Route.USPS\Route.USPS.csproj", "{13ED62A6-FAA4-4AFA-981A-9774EEF89843}"
EndProject
Project("{9A19103F-16F7-4668-BE54-9A1E7A4F7556}") = "Route.Hive", "Route.Hive\Route.Hive.csproj", "{305638AB-4B2A-4FC3-9180-F4B7F7F809BD}"
EndProject
Project("{9A19103F-16F7-4668-BE54-9A1E7A4F7556}") = "Route.Param", "Route.Param\Route.Param.csproj", "{2C2BF5B2-3726-4D0E-89F8-1C50261A0D38}"
EndProject
Project("{2150E333-8FDC-42A3-9474-1A3956D46DE8}") = "AddIns", "AddIns", "{058AF47E-8CC7-49EC-8C9B-CFB48CD80A93}"
EndProject
Project("{2150E333-8FDC-42A3-9474-1A3956D46DE8}") = "BuiltIn", "BuiltIn", "{D5BDA4A8-8206-4F9B-A01F-6D4E04D91BBF}"
EndProject
Project("{2150E333-8FDC-42A3-9474-1A3956D46DE8}") = "Hive", "Hive", "{BE9385E9-8E7D-4DB0-BF23-BF2BCF0A499C}"
EndProject
Project("{9A19103F-16F7-4668-BE54-9A1E7A4F7556}") = "Route.Info", "Route.Info\Route.Info.csproj", "{91665EB6-F14F-427F-8F6D-7571315973B9}"
EndProject
Project("{9A19103F-16F7-4668-BE54-9A1E7A4F7556}") = "Fn.MongoDb", "Fn.MongoDb\Fn.MongoDb.csproj", "{53CFE5CB-F41A-4D77-9BF6-40E89239A4BF}"
EndProject
Project("{9A19103F-16F7-4668-BE54-9A1E7A4F7556}") = "Proc.Default", "Proc.Default\Proc.Default.csproj", "{5B50F2DF-2A46-4308-92A1-D3427ECD2922}"
EndProject
Project("{9A19103F-16F7-4668-BE54-9A1E7A4F7556}") = "Proc.File", "Proc.File\Proc.File.csproj", "{650E99E8-ACAB-4CF0-9EE4-5E36C9AA663E}"
EndProject
Project("{9A19103F-16F7-4668-BE54-9A1E7A4F7556}") = "NX.Shared", "NX.Shared\NX.Shared.csproj", "{B123C1BD-D280-4BFB-A464-340322BE9B8F}"
EndProject
Project("{9A19103F-16F7-4668-BE54-9A1E7A4F7556}") = "NXNode", "NX.Node\NXNode.csproj", "{E007612B-0A19-4147-A696-3B6F49052E2C}"
EndProject
Project("{2150E333-8FDC-42A3-9474-1A3956D46DE8}") = "Solution Items", "Solution Items", "{EB5DB50B-09BA-4FDA-BFDB-42FA8DFE0C27}"
	ProjectSection(SolutionItems) = preProject
		UI.Bootstrap\index.html = UI.Bootstrap\index.html
		LICENSE = LICENSE
		README.md = README.md
		docs\README_B_BEE.md = docs\README_B_BEE.md
		docs\README_B_BUMBLE.md = docs\README_B_BUMBLE.md
		docs\README_B_DNA.md = docs\README_B_DNA.md
		docs\README_B_FIELD.md = docs\README_B_FIELD.md
		docs\README_B_GENOME.md = docs\README_B_GENOME.md
		docs\README_B_HIVE.md = docs\README_B_HIVE.md
		docs\README_B_MASON.md = docs\README_B_MASON.md
		docs\README_B_QUEEN.md = docs\README_B_QUEEN.md
		docs\README_B_ROSTER.md = docs\README_B_ROSTER.md
		docs\README_BB_NGINX.md = docs\README_BB_NGINX.md
		docs\README_BB_REDIS.md = docs\README_BB_REDIS.md
		docs\README_ENV.md = docs\README_ENV.md
		docs\README_FNS.md = docs\README_FNS.md
		docs\README_FOLDERS.md = docs\README_FOLDERS.md
		docs\README_GIT.md.txt = docs\README_GIT.md.txt
		docs\README_HTTP.md = docs\README_HTTP.md
		docs\README_KUBE.md = docs\README_KUBE.md
		docs\README_MINIO.md = docs\README_MINIO.md
		docs\README_NGINX.md = docs\README_NGINX.md
		docs\README_NOSQL.md = docs\README_NOSQL.md
		docs\README_PROCS.md = docs\README_PROCS.md
		docs\README_REDIS.md = docs\README_REDIS.md
		docs\README_ROUTES.md = docs\README_ROUTES.md
		docs\README_SQL.md = docs\README_SQL.md
		docs\README_STATIC.md = docs\README_STATIC.md
		docs\README_TIER.md = docs\README_TIER.md
		docs\README_TRAEFIK.md = docs\README_TRAEFIK.md
		docs\README_USE.md = docs\README_USE.md
		docs\README_XML.md = docs\README_XML.md
	EndProjectSection
EndProject
Project("{2150E333-8FDC-42A3-9474-1A3956D46DE8}") = "UI", "UI", "{1ED3F8B1-1354-4DC8-B86D-C27E4431625B}"
EndProject
Project("{2150E333-8FDC-42A3-9474-1A3956D46DE8}") = "UI.Bootstrap", "UI.Bootstrap", "{99D54BC9-6119-4CE8-AE6D-CA0D779F0C34}"
	ProjectSection(SolutionItems) = preProject
		UI.Bootstrap\index.html = UI.Bootstrap\index.html
	EndProjectSection
EndProject
Project("{2150E333-8FDC-42A3-9474-1A3956D46DE8}") = "UI.React", "UI.React", "{DF6E15BC-DC47-4620-9633-39269DD64861}"
	ProjectSection(SolutionItems) = preProject
		UI.React\index.html = UI.React\index.html
	EndProjectSection
EndProject
Project("{2150E333-8FDC-42A3-9474-1A3956D46DE8}") = "js", "js", "{71028B6C-DD8E-43C2-8E25-40133EB42F97}"
	ProjectSection(SolutionItems) = preProject
		UI.React\js\scripts.js = UI.React\js\scripts.js
	EndProjectSection
EndProject
Project("{2150E333-8FDC-42A3-9474-1A3956D46DE8}") = "UI.Vue", "UI.Vue", "{1A8E331D-DC7C-4B42-8AF2-F37F6765A04A}"
	ProjectSection(SolutionItems) = preProject
		UI.Vue\index.html = UI.Vue\index.html
	EndProjectSection
EndProject
Project("{2150E333-8FDC-42A3-9474-1A3956D46DE8}") = "js", "js", "{DA9D78DA-C538-4212-A141-D60D387E0576}"
	ProjectSection(SolutionItems) = preProject
		UI.Vue\js\app.js = UI.Vue\js\app.js
	EndProjectSection
EndProject
Project("{2150E333-8FDC-42A3-9474-1A3956D46DE8}") = "NginX", "NginX", "{2F026810-C99A-4172-AFE7-7A599D3A47BE}"
EndProject
Project("{2150E333-8FDC-42A3-9474-1A3956D46DE8}") = "Traefik", "Traefik", "{C368A216-11C1-47A6-A4AA-626EC430E138}"
EndProject
Project("{9A19103F-16F7-4668-BE54-9A1E7A4F7556}") = "Proc.MongoDb", "Proc.MongoDb\Proc.MongoDb.csproj", "{6462A1B4-5BDF-43A8-A2FA-616A9C59CADA}"
EndProject
Project("{9A19103F-16F7-4668-BE54-9A1E7A4F7556}") = "Route.MongoDb", "Route.MongoDb\Route.MongoDb.csproj", "{D8BE65E5-DE04-47D3-9758-9AE80121BE90}"
EndProject
Project("{9A19103F-16F7-4668-BE54-9A1E7A4F7556}") = "Proc.NginX", "Proc.NginX\Proc.NginX.csproj", "{049F0DED-A83F-47F3-8079-F19F65C003CA}"
EndProject
Global
	GlobalSection(SolutionConfigurationPlatforms) = preSolution
		Debug|Any CPU = Debug|Any CPU
		Release|Any CPU = Release|Any CPU
	EndGlobalSection
	GlobalSection(ProjectConfigurationPlatforms) = postSolution
		{814B3290-ABBA-423F-A09F-65E356D12090}.Debug|Any CPU.ActiveCfg = Debug|Any CPU
		{814B3290-ABBA-423F-A09F-65E356D12090}.Debug|Any CPU.Build.0 = Debug|Any CPU
		{814B3290-ABBA-423F-A09F-65E356D12090}.Release|Any CPU.ActiveCfg = Release|Any CPU
		{814B3290-ABBA-423F-A09F-65E356D12090}.Release|Any CPU.Build.0 = Release|Any CPU
		{9925AE4B-2A42-4B01-A5CA-C4FC0E6E9685}.Debug|Any CPU.ActiveCfg = Debug|Any CPU
		{9925AE4B-2A42-4B01-A5CA-C4FC0E6E9685}.Debug|Any CPU.Build.0 = Debug|Any CPU
		{9925AE4B-2A42-4B01-A5CA-C4FC0E6E9685}.Release|Any CPU.ActiveCfg = Release|Any CPU
		{9925AE4B-2A42-4B01-A5CA-C4FC0E6E9685}.Release|Any CPU.Build.0 = Release|Any CPU
		{64498456-0302-4050-A7A9-4ABF79415A03}.Debug|Any CPU.ActiveCfg = Debug|Any CPU
		{64498456-0302-4050-A7A9-4ABF79415A03}.Debug|Any CPU.Build.0 = Debug|Any CPU
		{64498456-0302-4050-A7A9-4ABF79415A03}.Release|Any CPU.ActiveCfg = Release|Any CPU
		{64498456-0302-4050-A7A9-4ABF79415A03}.Release|Any CPU.Build.0 = Release|Any CPU
		{D134A439-B92C-43F3-A6F7-190836B35478}.Debug|Any CPU.ActiveCfg = Debug|Any CPU
		{D134A439-B92C-43F3-A6F7-190836B35478}.Debug|Any CPU.Build.0 = Debug|Any CPU
		{D134A439-B92C-43F3-A6F7-190836B35478}.Release|Any CPU.ActiveCfg = Release|Any CPU
		{D134A439-B92C-43F3-A6F7-190836B35478}.Release|Any CPU.Build.0 = Release|Any CPU
		{ACCEFDF7-1D31-4034-8892-C83B0F384A2A}.Debug|Any CPU.ActiveCfg = Debug|Any CPU
		{ACCEFDF7-1D31-4034-8892-C83B0F384A2A}.Debug|Any CPU.Build.0 = Debug|Any CPU
		{ACCEFDF7-1D31-4034-8892-C83B0F384A2A}.Release|Any CPU.ActiveCfg = Release|Any CPU
		{ACCEFDF7-1D31-4034-8892-C83B0F384A2A}.Release|Any CPU.Build.0 = Release|Any CPU
		{1D67EAD6-2C5E-43C3-A773-D43714DB09D8}.Debug|Any CPU.ActiveCfg = Debug|Any CPU
		{1D67EAD6-2C5E-43C3-A773-D43714DB09D8}.Debug|Any CPU.Build.0 = Debug|Any CPU
		{1D67EAD6-2C5E-43C3-A773-D43714DB09D8}.Release|Any CPU.ActiveCfg = Release|Any CPU
		{1D67EAD6-2C5E-43C3-A773-D43714DB09D8}.Release|Any CPU.Build.0 = Release|Any CPU
		{D3E42F54-DAC6-432B-9009-9BBA2CA67134}.Debug|Any CPU.ActiveCfg = Debug|Any CPU
		{D3E42F54-DAC6-432B-9009-9BBA2CA67134}.Debug|Any CPU.Build.0 = Debug|Any CPU
		{D3E42F54-DAC6-432B-9009-9BBA2CA67134}.Release|Any CPU.ActiveCfg = Release|Any CPU
		{D3E42F54-DAC6-432B-9009-9BBA2CA67134}.Release|Any CPU.Build.0 = Release|Any CPU
		{63F958DA-6F07-4451-BA54-4016A6091972}.Debug|Any CPU.ActiveCfg = Debug|Any CPU
		{63F958DA-6F07-4451-BA54-4016A6091972}.Debug|Any CPU.Build.0 = Debug|Any CPU
		{63F958DA-6F07-4451-BA54-4016A6091972}.Release|Any CPU.ActiveCfg = Release|Any CPU
		{63F958DA-6F07-4451-BA54-4016A6091972}.Release|Any CPU.Build.0 = Release|Any CPU
		{71C863EA-7CC3-4262-AF4D-D95F944D4ED6}.Debug|Any CPU.ActiveCfg = Debug|Any CPU
		{71C863EA-7CC3-4262-AF4D-D95F944D4ED6}.Debug|Any CPU.Build.0 = Debug|Any CPU
		{71C863EA-7CC3-4262-AF4D-D95F944D4ED6}.Release|Any CPU.ActiveCfg = Release|Any CPU
		{71C863EA-7CC3-4262-AF4D-D95F944D4ED6}.Release|Any CPU.Build.0 = Release|Any CPU
		{13ED62A6-FAA4-4AFA-981A-9774EEF89843}.Debug|Any CPU.ActiveCfg = Debug|Any CPU
		{13ED62A6-FAA4-4AFA-981A-9774EEF89843}.Debug|Any CPU.Build.0 = Debug|Any CPU
		{13ED62A6-FAA4-4AFA-981A-9774EEF89843}.Release|Any CPU.ActiveCfg = Release|Any CPU
		{13ED62A6-FAA4-4AFA-981A-9774EEF89843}.Release|Any CPU.Build.0 = Release|Any CPU
		{305638AB-4B2A-4FC3-9180-F4B7F7F809BD}.Debug|Any CPU.ActiveCfg = Debug|Any CPU
		{305638AB-4B2A-4FC3-9180-F4B7F7F809BD}.Debug|Any CPU.Build.0 = Debug|Any CPU
		{305638AB-4B2A-4FC3-9180-F4B7F7F809BD}.Release|Any CPU.ActiveCfg = Release|Any CPU
		{305638AB-4B2A-4FC3-9180-F4B7F7F809BD}.Release|Any CPU.Build.0 = Release|Any CPU
		{2C2BF5B2-3726-4D0E-89F8-1C50261A0D38}.Debug|Any CPU.ActiveCfg = Debug|Any CPU
		{2C2BF5B2-3726-4D0E-89F8-1C50261A0D38}.Debug|Any CPU.Build.0 = Debug|Any CPU
		{2C2BF5B2-3726-4D0E-89F8-1C50261A0D38}.Release|Any CPU.ActiveCfg = Release|Any CPU
		{2C2BF5B2-3726-4D0E-89F8-1C50261A0D38}.Release|Any CPU.Build.0 = Release|Any CPU
		{91665EB6-F14F-427F-8F6D-7571315973B9}.Debug|Any CPU.ActiveCfg = Debug|Any CPU
		{91665EB6-F14F-427F-8F6D-7571315973B9}.Debug|Any CPU.Build.0 = Debug|Any CPU
		{91665EB6-F14F-427F-8F6D-7571315973B9}.Release|Any CPU.ActiveCfg = Release|Any CPU
		{91665EB6-F14F-427F-8F6D-7571315973B9}.Release|Any CPU.Build.0 = Release|Any CPU
		{53CFE5CB-F41A-4D77-9BF6-40E89239A4BF}.Debug|Any CPU.ActiveCfg = Debug|Any CPU
		{53CFE5CB-F41A-4D77-9BF6-40E89239A4BF}.Debug|Any CPU.Build.0 = Debug|Any CPU
		{53CFE5CB-F41A-4D77-9BF6-40E89239A4BF}.Release|Any CPU.ActiveCfg = Release|Any CPU
		{53CFE5CB-F41A-4D77-9BF6-40E89239A4BF}.Release|Any CPU.Build.0 = Release|Any CPU
		{5B50F2DF-2A46-4308-92A1-D3427ECD2922}.Debug|Any CPU.ActiveCfg = Debug|Any CPU
		{5B50F2DF-2A46-4308-92A1-D3427ECD2922}.Debug|Any CPU.Build.0 = Debug|Any CPU
		{5B50F2DF-2A46-4308-92A1-D3427ECD2922}.Release|Any CPU.ActiveCfg = Release|Any CPU
		{5B50F2DF-2A46-4308-92A1-D3427ECD2922}.Release|Any CPU.Build.0 = Release|Any CPU
		{650E99E8-ACAB-4CF0-9EE4-5E36C9AA663E}.Debug|Any CPU.ActiveCfg = Debug|Any CPU
		{650E99E8-ACAB-4CF0-9EE4-5E36C9AA663E}.Debug|Any CPU.Build.0 = Debug|Any CPU
		{650E99E8-ACAB-4CF0-9EE4-5E36C9AA663E}.Release|Any CPU.ActiveCfg = Release|Any CPU
		{650E99E8-ACAB-4CF0-9EE4-5E36C9AA663E}.Release|Any CPU.Build.0 = Release|Any CPU
		{B123C1BD-D280-4BFB-A464-340322BE9B8F}.Debug|Any CPU.ActiveCfg = Debug|Any CPU
		{B123C1BD-D280-4BFB-A464-340322BE9B8F}.Debug|Any CPU.Build.0 = Debug|Any CPU
		{B123C1BD-D280-4BFB-A464-340322BE9B8F}.Release|Any CPU.ActiveCfg = Release|Any CPU
		{B123C1BD-D280-4BFB-A464-340322BE9B8F}.Release|Any CPU.Build.0 = Release|Any CPU
		{E007612B-0A19-4147-A696-3B6F49052E2C}.Debug|Any CPU.ActiveCfg = Debug|Any CPU
		{E007612B-0A19-4147-A696-3B6F49052E2C}.Debug|Any CPU.Build.0 = Debug|Any CPU
		{E007612B-0A19-4147-A696-3B6F49052E2C}.Release|Any CPU.ActiveCfg = Release|Any CPU
		{E007612B-0A19-4147-A696-3B6F49052E2C}.Release|Any CPU.Build.0 = Release|Any CPU
		{6462A1B4-5BDF-43A8-A2FA-616A9C59CADA}.Debug|Any CPU.ActiveCfg = Debug|Any CPU
		{6462A1B4-5BDF-43A8-A2FA-616A9C59CADA}.Debug|Any CPU.Build.0 = Debug|Any CPU
		{6462A1B4-5BDF-43A8-A2FA-616A9C59CADA}.Release|Any CPU.ActiveCfg = Release|Any CPU
		{6462A1B4-5BDF-43A8-A2FA-616A9C59CADA}.Release|Any CPU.Build.0 = Release|Any CPU
		{D8BE65E5-DE04-47D3-9758-9AE80121BE90}.Debug|Any CPU.ActiveCfg = Debug|Any CPU
		{D8BE65E5-DE04-47D3-9758-9AE80121BE90}.Debug|Any CPU.Build.0 = Debug|Any CPU
		{D8BE65E5-DE04-47D3-9758-9AE80121BE90}.Release|Any CPU.ActiveCfg = Release|Any CPU
		{D8BE65E5-DE04-47D3-9758-9AE80121BE90}.Release|Any CPU.Build.0 = Release|Any CPU
		{049F0DED-A83F-47F3-8079-F19F65C003CA}.Debug|Any CPU.ActiveCfg = Debug|Any CPU
		{049F0DED-A83F-47F3-8079-F19F65C003CA}.Debug|Any CPU.Build.0 = Debug|Any CPU
		{049F0DED-A83F-47F3-8079-F19F65C003CA}.Release|Any CPU.ActiveCfg = Release|Any CPU
		{049F0DED-A83F-47F3-8079-F19F65C003CA}.Release|Any CPU.Build.0 = Release|Any CPU
	EndGlobalSection
	GlobalSection(SolutionProperties) = preSolution
		HideSolutionNode = FALSE
	EndGlobalSection
	GlobalSection(NestedProjects) = preSolution
		{9925AE4B-2A42-4B01-A5CA-C4FC0E6E9685} = {D5BDA4A8-8206-4F9B-A01F-6D4E04D91BBF}
		{64498456-0302-4050-A7A9-4ABF79415A03} = {D5BDA4A8-8206-4F9B-A01F-6D4E04D91BBF}
		{D134A439-B92C-43F3-A6F7-190836B35478} = {0DEB4428-06CF-4640-A0AC-D985B416E0BA}
		{ACCEFDF7-1D31-4034-8892-C83B0F384A2A} = {20093C35-302A-4FE0-AC45-6406F0863500}
		{1D67EAD6-2C5E-43C3-A773-D43714DB09D8} = {94D45FFA-F9B7-4F58-B083-671EBEDE98BF}
		{D3E42F54-DAC6-432B-9009-9BBA2CA67134} = {4B7724AD-9C22-4D09-850D-46237B9F8702}
		{63F958DA-6F07-4451-BA54-4016A6091972} = {94D45FFA-F9B7-4F58-B083-671EBEDE98BF}
		{94D45FFA-F9B7-4F58-B083-671EBEDE98BF} = {058AF47E-8CC7-49EC-8C9B-CFB48CD80A93}
		{749B7B33-AA44-4A3B-A92C-8A7F3D9B1B31} = {058AF47E-8CC7-49EC-8C9B-CFB48CD80A93}
		{CFC91268-BAB1-4D58-BA9E-E39BFA1DA073} = {749B7B33-AA44-4A3B-A92C-8A7F3D9B1B31}
		{0DEB4428-06CF-4640-A0AC-D985B416E0BA} = {749B7B33-AA44-4A3B-A92C-8A7F3D9B1B31}
		{20093C35-302A-4FE0-AC45-6406F0863500} = {058AF47E-8CC7-49EC-8C9B-CFB48CD80A93}
		{4B7724AD-9C22-4D09-850D-46237B9F8702} = {058AF47E-8CC7-49EC-8C9B-CFB48CD80A93}
		{141A4002-32EA-47B7-94EC-FC492F65CA00} = {058AF47E-8CC7-49EC-8C9B-CFB48CD80A93}
		{71C863EA-7CC3-4262-AF4D-D95F944D4ED6} = {141A4002-32EA-47B7-94EC-FC492F65CA00}
		{13ED62A6-FAA4-4AFA-981A-9774EEF89843} = {0DEB4428-06CF-4640-A0AC-D985B416E0BA}
		{305638AB-4B2A-4FC3-9180-F4B7F7F809BD} = {BE9385E9-8E7D-4DB0-BF23-BF2BCF0A499C}
		{2C2BF5B2-3726-4D0E-89F8-1C50261A0D38} = {141A4002-32EA-47B7-94EC-FC492F65CA00}
		{BE9385E9-8E7D-4DB0-BF23-BF2BCF0A499C} = {058AF47E-8CC7-49EC-8C9B-CFB48CD80A93}
		{91665EB6-F14F-427F-8F6D-7571315973B9} = {141A4002-32EA-47B7-94EC-FC492F65CA00}
		{53CFE5CB-F41A-4D77-9BF6-40E89239A4BF} = {CFC91268-BAB1-4D58-BA9E-E39BFA1DA073}
		{5B50F2DF-2A46-4308-92A1-D3427ECD2922} = {D5BDA4A8-8206-4F9B-A01F-6D4E04D91BBF}
		{650E99E8-ACAB-4CF0-9EE4-5E36C9AA663E} = {4B7724AD-9C22-4D09-850D-46237B9F8702}
		{99D54BC9-6119-4CE8-AE6D-CA0D779F0C34} = {1ED3F8B1-1354-4DC8-B86D-C27E4431625B}
		{DF6E15BC-DC47-4620-9633-39269DD64861} = {1ED3F8B1-1354-4DC8-B86D-C27E4431625B}
		{71028B6C-DD8E-43C2-8E25-40133EB42F97} = {DF6E15BC-DC47-4620-9633-39269DD64861}
		{1A8E331D-DC7C-4B42-8AF2-F37F6765A04A} = {1ED3F8B1-1354-4DC8-B86D-C27E4431625B}
		{DA9D78DA-C538-4212-A141-D60D387E0576} = {1A8E331D-DC7C-4B42-8AF2-F37F6765A04A}
		{2F026810-C99A-4172-AFE7-7A599D3A47BE} = {749B7B33-AA44-4A3B-A92C-8A7F3D9B1B31}
		{C368A216-11C1-47A6-A4AA-626EC430E138} = {749B7B33-AA44-4A3B-A92C-8A7F3D9B1B31}
		{6462A1B4-5BDF-43A8-A2FA-616A9C59CADA} = {CFC91268-BAB1-4D58-BA9E-E39BFA1DA073}
		{D8BE65E5-DE04-47D3-9758-9AE80121BE90} = {CFC91268-BAB1-4D58-BA9E-E39BFA1DA073}
		{049F0DED-A83F-47F3-8079-F19F65C003CA} = {2F026810-C99A-4172-AFE7-7A599D3A47BE}
	EndGlobalSection
	GlobalSection(ExtensibilityGlobals) = postSolution
		SolutionGuid = {FC856DE7-32A6-44B5-8E43-30FBEC634219}
	EndGlobalSection
EndGlobal
