
Microsoft Visual Studio Solution File, Format Version 12.00
# Visual Studio Version 16
VisualStudioVersion = 16.0.30309.148
MinimumVisualStudioVersion = 10.0.40219.1
Project("{9A19103F-16F7-4668-BE54-9A1E7A4F7556}") = "itextsharp", "itextsharp.csproj", "{6EBE8733-706C-4E97-A77E-63B9CBB61064}"
EndProject
Project("{9A19103F-16F7-4668-BE54-9A1E7A4F7556}") = "itextsharp.xmlworker", "extras\itextsharp.xmlworker\itextsharp.xmlworker.csproj", "{54DEDEF7-FFF6-437D-9A93-44BCFCBC63BE}"
EndProject
Global
	GlobalSection(SolutionConfigurationPlatforms) = preSolution
		Debug|Any CPU = Debug|Any CPU
		Release|Any CPU = Release|Any CPU
	EndGlobalSection
	GlobalSection(ProjectConfigurationPlatforms) = postSolution
		{6EBE8733-706C-4E97-A77E-63B9CBB61064}.Debug|Any CPU.ActiveCfg = Debug|Any CPU
		{6EBE8733-706C-4E97-A77E-63B9CBB61064}.Debug|Any CPU.Build.0 = Debug|Any CPU
		{6EBE8733-706C-4E97-A77E-63B9CBB61064}.Release|Any CPU.ActiveCfg = Release|Any CPU
		{6EBE8733-706C-4E97-A77E-63B9CBB61064}.Release|Any CPU.Build.0 = Release|Any CPU
		{54DEDEF7-FFF6-437D-9A93-44BCFCBC63BE}.Debug|Any CPU.ActiveCfg = Debug|Any CPU
		{54DEDEF7-FFF6-437D-9A93-44BCFCBC63BE}.Debug|Any CPU.Build.0 = Debug|Any CPU
		{54DEDEF7-FFF6-437D-9A93-44BCFCBC63BE}.Release|Any CPU.ActiveCfg = Release|Any CPU
		{54DEDEF7-FFF6-437D-9A93-44BCFCBC63BE}.Release|Any CPU.Build.0 = Release|Any CPU
	EndGlobalSection
	GlobalSection(SolutionProperties) = preSolution
		HideSolutionNode = FALSE
	EndGlobalSection
	GlobalSection(ExtensibilityGlobals) = postSolution
		SolutionGuid = {91C2B54B-B8E6-4490-ABEF-A548FDDF20BA}
	EndGlobalSection
EndGlobal
